PODS:
  - Bond (7.8.1):
    - Differ (~> 1.4)
    - ReactiveKit (~> 3.14)
  - Differ (1.4.5)
  - MarqueeLabel (4.3.0)
  - MVVMFoundation (0.1.0):
    - Bond
  - ReactiveKit (3.19.1)
  - XTBottomSheet (0.1.0)

DEPENDENCIES:
  - Bond
  - MarqueeLabel
  - MVVMFoundation (from `submodules/MVVMFoundation`)
  - XTBottomSheet (from `submodules/XTBottomSheet`)

SPEC REPOS:
  trunk:
    - Bond
    - Differ
    - MarqueeLabel
    - ReactiveKit

EXTERNAL SOURCES:
  MVVMFoundation:
    :path: submodules/MVVMFoundation
  XTBottomSheet:
    :path: submodules/XTBottomSheet

SPEC CHECKSUMS:
  Bond: 87075c7f20f37ea3e73dc7057fce839787bf46eb
  Differ: 3b6bd78e2b20cc795d9a86f7641d087524e4273e
  MarqueeLabel: 02f5ac8fd6877c94564556cb93fa86c70c08baeb
  MVVMFoundation: cb8013f7589ae4d8eefca9e4c69853ca2cafa074
  ReactiveKit: a36ebeb959fe6852dd674cc423163bfffb7e0541
  XTBottomSheet: 6611fbef438af4c4243aeddbeaa2c7f21cbd1131

PODFILE CHECKSUM: 958ee3ef216e6c59bd2748f585191e5030060024

COCOAPODS: 1.11.3
