{
  "originHash" : "aac6b09cb38cadc82afbc002297f1af6360cc450d7f91b44a0b3ea241b5c0dce",
  "pins" : [
    {
      "identity" : "combinecocoa",
      "kind" : "remoteSourceControl",
      "location" : "https://github.com/XITRIX/CombineCocoa.git",
      "state" : {
        "branch" : "main",
        "revision" : "940c2140f824647d5141fd2475e059c1a45740e4"
      }
    },
    {
      "identity" : "openssl",
      "kind" : "remoteSourceControl",
      "location" : "https://github.com/XITRIX/OpenSSL.git",
      "state" : {
        "branch" : "main",
        "revision" : "75bc2599ad74161f4fad51fb51493d5c4fd1511e"
      }
    }
  ],
  "version" : 3
}
