// !$*UTF8*$!
{
	archiveVersion = 1;
	classes = {
	};
	objectVersion = 50;
	objects = {

/* Begin PBXFileReference section */
		7C56AD3A20B36B7000527908 /* Headers */ = {isa = PBXFileReference; lastKnownFileType = folder; path = Headers; sourceTree = "<group>"; };
		7C56AD3B20B36B7000527908 /* Info.plist */ = {isa = PBXFileReference; lastKnownFileType = file.bplist; path = Info.plist; sourceTree = "<group>"; };
		7C56AD3C20B36B7000527908 /* iTorrent */ = {isa = PBXFileReference; lastKnownFileType = "compiled.mach-o.dylib"; path = iTorrent; sourceTree = "<group>"; };
		7C56AD3D20B36B7000527908 /* Makefile.am */ = {isa = PBXFileReference; lastKnownFileType = text; path = Makefile.am; sourceTree = "<group>"; };
		7C56AD3E20B36B7000527908 /* Makefile.in */ = {isa = PBXFileReference; lastKnownFileType = text; path = Makefile.in; sourceTree = "<group>"; };
/* End PBXFileReference section */

/* Begin PBXGroup section */
		7C56AD3420B36B7000527908 = {
			isa = PBXGroup;
			children = (
				7C56AD3A20B36B7000527908 /* Headers */,
				7C56AD3B20B36B7000527908 /* Info.plist */,
				7C56AD3C20B36B7000527908 /* iTorrent */,
				7C56AD3D20B36B7000527908 /* Makefile.am */,
				7C56AD3E20B36B7000527908 /* Makefile.in */,
			);
			sourceTree = "<group>";
		};
/* End PBXGroup section */

/* Begin PBXLegacyTarget section */
		7C56AD3920B36B7000527908 /* iTorrent.framework */ = {
			isa = PBXLegacyTarget;
			buildArgumentsString = "$(ACTION)";
			buildConfigurationList = 7C56AD3F20B36B7000527908 /* Build configuration list for PBXLegacyTarget "iTorrent.framework" */;
			buildPhases = (
			);
			buildToolPath = /usr/bin/make;
			buildWorkingDirectory = "/Users/xitrix/Documents/GitHub/iTorrent---libtorrent-core/iTorrent.framework";
			dependencies = (
			);
			name = iTorrent.framework;
			passBuildSettingsInEnvironment = 1;
			productName = iTorrent.framework;
		};
/* End PBXLegacyTarget section */

/* Begin PBXProject section */
		7C56AD3520B36B7000527908 /* Project object */ = {
			isa = PBXProject;
			attributes = {
			};
			buildConfigurationList = 7C56AD3820B36B7000527908 /* Build configuration list for PBXProject "iTorrent.framework" */;
			compatibilityVersion = "Xcode 9.3";
			developmentRegion = en;
			hasScannedForEncodings = 0;
			knownRegions = (
				en,
			);
			mainGroup = 7C56AD3420B36B7000527908;
			projectDirPath = "";
			projectRoot = "";
			targets = (
				7C56AD3920B36B7000527908 /* iTorrent.framework */,
			);
		};
/* End PBXProject section */

/* Begin XCBuildConfiguration section */
		7C56AD3620B36B7000527908 /* Debug */ = {
			isa = XCBuildConfiguration;
			buildSettings = {
				ARCHS = "$(ARCHS_STANDARD_32_BIT)";
				COPY_PHASE_STRIP = NO;
				GCC_WARN_ABOUT_RETURN_TYPE = YES;
				GCC_WARN_UNUSED_VARIABLE = YES;
				ONLY_ACTIVE_ARCH = YES;
				SDKROOT = macosx10.6;
			};
			name = Debug;
		};
		7C56AD3720B36B7000527908 /* Release */ = {
			isa = XCBuildConfiguration;
			buildSettings = {
				ARCHS = "$(ARCHS_STANDARD_32_BIT)";
				COPY_PHASE_STRIP = YES;
				GCC_WARN_ABOUT_RETURN_TYPE = YES;
				GCC_WARN_UNUSED_VARIABLE = YES;
				SDKROOT = macosx10.6;
			};
			name = Release;
		};
		7C56AD4020B36B7000527908 /* Debug */ = {
			isa = XCBuildConfiguration;
			buildSettings = {
				COPY_PHASE_STRIP = NO;
				DEBUGGING_SYMBOLS = YES;
				GCC_DYNAMIC_NO_PIC = NO;
				GCC_ENABLE_FIX_AND_CONTINUE = YES;
				GCC_GENERATE_DEBUGGING_SYMBOLS = YES;
				GCC_OPTIMIZATION_LEVEL = 0;
				OTHER_CFLAGS = "";
				OTHER_LDFLAGS = "";
				PRODUCT_NAME = iTorrent.framework;
			};
			name = Debug;
		};
		7C56AD4120B36B7000527908 /* Release */ = {
			isa = XCBuildConfiguration;
			buildSettings = {
				COPY_PHASE_STRIP = YES;
				DEBUG_INFORMATION_FORMAT = "dwarf-with-dsym";
				GCC_ENABLE_FIX_AND_CONTINUE = NO;
				OTHER_CFLAGS = "";
				OTHER_LDFLAGS = "";
				PRODUCT_NAME = iTorrent.framework;
			};
			name = Release;
		};
/* End XCBuildConfiguration section */

/* Begin XCConfigurationList section */
		7C56AD3820B36B7000527908 /* Build configuration list for PBXProject "iTorrent.framework" */ = {
			isa = XCConfigurationList;
			buildConfigurations = (
				7C56AD3620B36B7000527908 /* Debug */,
				7C56AD3720B36B7000527908 /* Release */,
			);
			defaultConfigurationIsVisible = 0;
			defaultConfigurationName = Release;
		};
		7C56AD3F20B36B7000527908 /* Build configuration list for PBXLegacyTarget "iTorrent.framework" */ = {
			isa = XCConfigurationList;
			buildConfigurations = (
				7C56AD4020B36B7000527908 /* Debug */,
				7C56AD4120B36B7000527908 /* Release */,
			);
			defaultConfigurationIsVisible = 0;
			defaultConfigurationName = Release;
		};
/* End XCConfigurationList section */
	};
	rootObject = 7C56AD3520B36B7000527908 /* Project object */;
}
